
Microsoft Visual Studio Solution File, Format Version 12.00
# Visual Studio 15
VisualStudioVersion = 15.0.27130.2026
MinimumVisualStudioVersion = 10.0.40219.1
Project("{FAE04EC0-301F-11D3-BF4B-00C04F79EFBC}") = "QuizPGM.Desk", "QuizPGM.Desk\QuizPGM.Desk.csproj", "{C3E9DE05-7469-418A-82CA-05825037640E}"
EndProject
Global
	GlobalSection(SolutionConfigurationPlatforms) = preSolution
		Debug|Any CPU = Debug|Any CPU
		Release|Any CPU = Release|Any CPU
	EndGlobalSection
	GlobalSection(ProjectConfigurationPlatforms) = postSolution
		{C3E9DE05-7469-418A-82CA-05825037640E}.Debug|Any CPU.ActiveCfg = Debug|Any CPU
		{C3E9DE05-7469-418A-82CA-05825037640E}.Debug|Any CPU.Build.0 = Debug|Any CPU
		{C3E9DE05-7469-418A-82CA-05825037640E}.Release|Any CPU.ActiveCfg = Release|Any CPU
		{C3E9DE05-7469-418A-82CA-05825037640E}.Release|Any CPU.Build.0 = Release|Any CPU
	EndGlobalSection
	GlobalSection(SolutionProperties) = preSolution
		HideSolutionNode = FALSE
	EndGlobalSection
	GlobalSection(ExtensibilityGlobals) = postSolution
		SolutionGuid = {42A73630-40CC-4897-AA89-E50E1DFEE2FE}
	EndGlobalSection
EndGlobal
